
Microsoft Visual Studio Solution File, Format Version 12.00
# Visual Studio 14
VisualStudioVersion = 14.0.25420.1
MinimumVisualStudioVersion = 10.0.40219.1
Project("{2150E333-8FDC-42A3-9474-1A3956D46DE8}") = "src", "src", "{F981CF06-0FE3-4D7A-9EA9-5E80843798C5}"
EndProject
Project("{2150E333-8FDC-42A3-9474-1A3956D46DE8}") = "Solution Items", "Solution Items", "{7148255A-7861-4B10-9D21-4C9443962029}"
	ProjectSection(SolutionItems) = preProject
		global.json = global.json
	EndProjectSection
EndProject
Project("{8BB2217D-0F2D-49D1-97BC-3654ED321F3B}") = "SampleFive.ServiceLayer", "src\SampleFive.ServiceLayer\SampleFive.ServiceLayer.xproj", "{20BD5FEC-A125-409C-93AF-1485B6623F07}"
EndProject
Project("{8BB2217D-0F2D-49D1-97BC-3654ED321F3B}") = "SampleFive.PresentaionLayer", "src\SampleFive.PresentaionLayer\SampleFive.PresentaionLayer.xproj", "{08D588FB-6F19-421E-A360-A1C6CFBCB5DD}"
EndProject
Project("{8BB2217D-0F2D-49D1-97BC-3654ED321F3B}") = "SampleFive.IoC", "src\SampleFive.IoC\SampleFive.IoC.xproj", "{D339EA39-1416-4D44-975B-772C6D750137}"
EndProject
Project("{2150E333-8FDC-42A3-9474-1A3956D46DE8}") = "UI", "UI", "{24A5D75E-0C5D-422C-B251-71C24AE46F89}"
EndProject
Project("{2150E333-8FDC-42A3-9474-1A3956D46DE8}") = "ServiceLayer", "ServiceLayer", "{3327C442-6D60-4124-A4D7-A19B8E7EE791}"
EndProject
Project("{2150E333-8FDC-42A3-9474-1A3956D46DE8}") = "PresentionLayer", "PresentionLayer", "{F55C2A97-383B-461D-AF85-8300BFCBD031}"
EndProject
Project("{2150E333-8FDC-42A3-9474-1A3956D46DE8}") = "IoC", "IoC", "{5048BB9F-F6FD-42F3-8AA8-4CB6554549B9}"
EndProject
Project("{2150E333-8FDC-42A3-9474-1A3956D46DE8}") = "DomainLayer", "DomainLayer", "{1EA315F6-D693-4BF8-8A54-68B84F90AC10}"
EndProject
Project("{2150E333-8FDC-42A3-9474-1A3956D46DE8}") = "CommonLayer", "CommonLayer", "{BBD325DC-26F3-46C8-8CA7-5E7DFAEC2A5A}"
EndProject
Project("{2150E333-8FDC-42A3-9474-1A3956D46DE8}") = "DataLayer", "DataLayer", "{B4BB6DF7-F679-4672-8F3C-B29F13B8A286}"
EndProject
Project("{8BB2217D-0F2D-49D1-97BC-3654ED321F3B}") = "SampleFive.DomainLayer", "SampleFive.DomainLayer\SampleFive.DomainLayer.xproj", "{C7A64CB8-846B-47E1-8D65-08486D6B63C7}"
EndProject
Project("{8BB2217D-0F2D-49D1-97BC-3654ED321F3B}") = "SampleFive.DataLayer", "SampleFive.DataLayer\SampleFive.DataLayer.xproj", "{5CF6791F-BE35-47EF-92EF-C1A5BDEFCF33}"
EndProject
Project("{2150E333-8FDC-42A3-9474-1A3956D46DE8}") = "ResourceLayer", "ResourceLayer", "{D669645A-AE2B-4EA5-A8A0-BC732E0B0765}"
EndProject
Project("{8BB2217D-0F2D-49D1-97BC-3654ED321F3B}") = "SampleFive.Web", "SampleFive.Web\SampleFive.Web.xproj", "{EA4FA996-53D6-4A07-95B7-FF7CD2C57541}"
EndProject
Project("{8BB2217D-0F2D-49D1-97BC-3654ED321F3B}") = "SampleFive.ExternalResources", "SampleFive.ExternalResources\SampleFive.ExternalResources.xproj", "{6871B729-AFC6-4FE2-94DB-CBB88222C56F}"
EndProject
Global
	GlobalSection(SolutionConfigurationPlatforms) = preSolution
		Debug|Any CPU = Debug|Any CPU
		Release|Any CPU = Release|Any CPU
	EndGlobalSection
	GlobalSection(ProjectConfigurationPlatforms) = postSolution
		{20BD5FEC-A125-409C-93AF-1485B6623F07}.Debug|Any CPU.ActiveCfg = Debug|Any CPU
		{20BD5FEC-A125-409C-93AF-1485B6623F07}.Debug|Any CPU.Build.0 = Debug|Any CPU
		{20BD5FEC-A125-409C-93AF-1485B6623F07}.Release|Any CPU.ActiveCfg = Release|Any CPU
		{20BD5FEC-A125-409C-93AF-1485B6623F07}.Release|Any CPU.Build.0 = Release|Any CPU
		{08D588FB-6F19-421E-A360-A1C6CFBCB5DD}.Debug|Any CPU.ActiveCfg = Debug|Any CPU
		{08D588FB-6F19-421E-A360-A1C6CFBCB5DD}.Debug|Any CPU.Build.0 = Debug|Any CPU
		{08D588FB-6F19-421E-A360-A1C6CFBCB5DD}.Release|Any CPU.ActiveCfg = Release|Any CPU
		{08D588FB-6F19-421E-A360-A1C6CFBCB5DD}.Release|Any CPU.Build.0 = Release|Any CPU
		{D339EA39-1416-4D44-975B-772C6D750137}.Debug|Any CPU.ActiveCfg = Debug|Any CPU
		{D339EA39-1416-4D44-975B-772C6D750137}.Debug|Any CPU.Build.0 = Debug|Any CPU
		{D339EA39-1416-4D44-975B-772C6D750137}.Release|Any CPU.ActiveCfg = Release|Any CPU
		{D339EA39-1416-4D44-975B-772C6D750137}.Release|Any CPU.Build.0 = Release|Any CPU
		{C7A64CB8-846B-47E1-8D65-08486D6B63C7}.Debug|Any CPU.ActiveCfg = Debug|Any CPU
		{C7A64CB8-846B-47E1-8D65-08486D6B63C7}.Debug|Any CPU.Build.0 = Debug|Any CPU
		{C7A64CB8-846B-47E1-8D65-08486D6B63C7}.Release|Any CPU.ActiveCfg = Release|Any CPU
		{C7A64CB8-846B-47E1-8D65-08486D6B63C7}.Release|Any CPU.Build.0 = Release|Any CPU
		{5CF6791F-BE35-47EF-92EF-C1A5BDEFCF33}.Debug|Any CPU.ActiveCfg = Debug|Any CPU
		{5CF6791F-BE35-47EF-92EF-C1A5BDEFCF33}.Debug|Any CPU.Build.0 = Debug|Any CPU
		{5CF6791F-BE35-47EF-92EF-C1A5BDEFCF33}.Release|Any CPU.ActiveCfg = Release|Any CPU
		{5CF6791F-BE35-47EF-92EF-C1A5BDEFCF33}.Release|Any CPU.Build.0 = Release|Any CPU
		{EA4FA996-53D6-4A07-95B7-FF7CD2C57541}.Debug|Any CPU.ActiveCfg = Debug|Any CPU
		{EA4FA996-53D6-4A07-95B7-FF7CD2C57541}.Debug|Any CPU.Build.0 = Debug|Any CPU
		{EA4FA996-53D6-4A07-95B7-FF7CD2C57541}.Release|Any CPU.ActiveCfg = Release|Any CPU
		{EA4FA996-53D6-4A07-95B7-FF7CD2C57541}.Release|Any CPU.Build.0 = Release|Any CPU
		{6871B729-AFC6-4FE2-94DB-CBB88222C56F}.Debug|Any CPU.ActiveCfg = Debug|Any CPU
		{6871B729-AFC6-4FE2-94DB-CBB88222C56F}.Debug|Any CPU.Build.0 = Debug|Any CPU
		{6871B729-AFC6-4FE2-94DB-CBB88222C56F}.Release|Any CPU.ActiveCfg = Release|Any CPU
		{6871B729-AFC6-4FE2-94DB-CBB88222C56F}.Release|Any CPU.Build.0 = Release|Any CPU
	EndGlobalSection
	GlobalSection(SolutionProperties) = preSolution
		HideSolutionNode = FALSE
	EndGlobalSection
	GlobalSection(NestedProjects) = preSolution
		{20BD5FEC-A125-409C-93AF-1485B6623F07} = {3327C442-6D60-4124-A4D7-A19B8E7EE791}
		{08D588FB-6F19-421E-A360-A1C6CFBCB5DD} = {F55C2A97-383B-461D-AF85-8300BFCBD031}
		{D339EA39-1416-4D44-975B-772C6D750137} = {5048BB9F-F6FD-42F3-8AA8-4CB6554549B9}
		{24A5D75E-0C5D-422C-B251-71C24AE46F89} = {F981CF06-0FE3-4D7A-9EA9-5E80843798C5}
		{3327C442-6D60-4124-A4D7-A19B8E7EE791} = {F981CF06-0FE3-4D7A-9EA9-5E80843798C5}
		{F55C2A97-383B-461D-AF85-8300BFCBD031} = {F981CF06-0FE3-4D7A-9EA9-5E80843798C5}
		{5048BB9F-F6FD-42F3-8AA8-4CB6554549B9} = {F981CF06-0FE3-4D7A-9EA9-5E80843798C5}
		{1EA315F6-D693-4BF8-8A54-68B84F90AC10} = {F981CF06-0FE3-4D7A-9EA9-5E80843798C5}
		{BBD325DC-26F3-46C8-8CA7-5E7DFAEC2A5A} = {F981CF06-0FE3-4D7A-9EA9-5E80843798C5}
		{B4BB6DF7-F679-4672-8F3C-B29F13B8A286} = {F981CF06-0FE3-4D7A-9EA9-5E80843798C5}
		{C7A64CB8-846B-47E1-8D65-08486D6B63C7} = {1EA315F6-D693-4BF8-8A54-68B84F90AC10}
		{5CF6791F-BE35-47EF-92EF-C1A5BDEFCF33} = {B4BB6DF7-F679-4672-8F3C-B29F13B8A286}
		{D669645A-AE2B-4EA5-A8A0-BC732E0B0765} = {F981CF06-0FE3-4D7A-9EA9-5E80843798C5}
		{EA4FA996-53D6-4A07-95B7-FF7CD2C57541} = {24A5D75E-0C5D-422C-B251-71C24AE46F89}
		{6871B729-AFC6-4FE2-94DB-CBB88222C56F} = {D669645A-AE2B-4EA5-A8A0-BC732E0B0765}
	EndGlobalSection
EndGlobal
